// !$*UTF8*$!
{
	archiveVersion = 1;
	classes = {
	};
	objectVersion = 56;
	objects = {

/* Begin PBXBuildFile section */
		CECE33B72E9244F600DAEF65 /* WeatherApp_SwiftUIApp.swift in Sources */ = {isa = PBXBuildFile; fileRef = CECE33B62E9244F600DAEF65 /* WeatherApp_SwiftUIApp.swift */; };
		CECE33B92E9244F600DAEF65 /* ContentView.swift in Sources */ = {isa = PBXBuildFile; fileRef = CECE33B82E9244F600DAEF65 /* ContentView.swift */; };
		CECE33BB2E9244F800DAEF65 /* Assets.xcassets in Resources */ = {isa = PBXBuildFile; fileRef = CECE33BA2E9244F800DAEF65 /* Assets.xcassets */; };
		CECE33BE2E9244F800DAEF65 /* Preview Assets.xcassets in Resources */ = {isa = PBXBuildFile; fileRef = CECE33BD2E9244F800DAEF65 /* Preview Assets.xcassets */; };
		CECE33C72E925F7100DAEF65 /* WeatherDay.swift in Sources */ = {isa = PBXBuildFile; fileRef = CECE33C62E925F7100DAEF65 /* WeatherDay.swift */; };
		CECE33C92E926B8500DAEF65 /* BackgraundView.swift in Sources */ = {isa = PBXBuildFile; fileRef = CECE33C82E926B8500DAEF65 /* BackgraundView.swift */; };
		CECE33CB2E926CCA00DAEF65 /* CityView.swift in Sources */ = {isa = PBXBuildFile; fileRef = CECE33CA2E926CCA00DAEF65 /* CityView.swift */; };
		CECE33CD2E926EAB00DAEF65 /* WeatherStatus.swift in Sources */ = {isa = PBXBuildFile; fileRef = CECE33CC2E926EAB00DAEF65 /* WeatherStatus.swift */; };
		CECE33CF2E92703E00DAEF65 /* WeatherButton.swift in Sources */ = {isa = PBXBuildFile; fileRef = CECE33CE2E92703E00DAEF65 /* WeatherButton.swift */; };
		CECE33D12E927CD400DAEF65 /* WeatherDayView.swift in Sources */ = {isa = PBXBuildFile; fileRef = CECE33D02E927CD400DAEF65 /* WeatherDayView.swift */; };
		CECE33D72E92B3A000DAEF65 /* weatherApp.gif in Resources */ = {isa = PBXBuildFile; fileRef = CECE33D62E92B3A000DAEF65 /* weatherApp.gif */; };
/* End PBXBuildFile section */

/* Begin PBXFileReference section */
		CECE33B32E9244F600DAEF65 /* WeatherApp_SwiftUI.app */ = {isa = PBXFileReference; explicitFileType = wrapper.application; includeInIndex = 0; path = WeatherApp_SwiftUI.app; sourceTree = BUILT_PRODUCTS_DIR; };
		CECE33B62E9244F600DAEF65 /* WeatherApp_SwiftUIApp.swift */ = {isa = PBXFileReference; lastKnownFileType = sourcecode.swift; path = WeatherApp_SwiftUIApp.swift; sourceTree = "<group>"; };
		CECE33B82E9244F600DAEF65 /* ContentView.swift */ = {isa = PBXFileReference; lastKnownFileType = sourcecode.swift; path = ContentView.swift; sourceTree = "<group>"; };
		CECE33BA2E9244F800DAEF65 /* Assets.xcassets */ = {isa = PBXFileReference; lastKnownFileType = folder.assetcatalog; path = Assets.xcassets; sourceTree = "<group>"; };
		CECE33BD2E9244F800DAEF65 /* Preview Assets.xcassets */ = {isa = PBXFileReference; lastKnownFileType = folder.assetcatalog; path = "Preview Assets.xcassets"; sourceTree = "<group>"; };
		CECE33C62E925F7100DAEF65 /* WeatherDay.swift */ = {isa = PBXFileReference; lastKnownFileType = sourcecode.swift; path = WeatherDay.swift; sourceTree = "<group>"; };
		CECE33C82E926B8500DAEF65 /* BackgraundView.swift */ = {isa = PBXFileReference; lastKnownFileType = sourcecode.swift; path = BackgraundView.swift; sourceTree = "<group>"; };
		CECE33CA2E926CCA00DAEF65 /* CityView.swift */ = {isa = PBXFileReference; lastKnownFileType = sourcecode.swift; path = CityView.swift; sourceTree = "<group>"; };
		CECE33CC2E926EAB00DAEF65 /* WeatherStatus.swift */ = {isa = PBXFileReference; lastKnownFileType = sourcecode.swift; path = WeatherStatus.swift; sourceTree = "<group>"; };
		CECE33CE2E92703E00DAEF65 /* WeatherButton.swift */ = {isa = PBXFileReference; lastKnownFileType = sourcecode.swift; path = WeatherButton.swift; sourceTree = "<group>"; };
		CECE33D02E927CD400DAEF65 /* WeatherDayView.swift */ = {isa = PBXFileReference; lastKnownFileType = sourcecode.swift; path = WeatherDayView.swift; sourceTree = "<group>"; };
		CECE33D62E92B3A000DAEF65 /* weatherApp.gif */ = {isa = PBXFileReference; lastKnownFileType = image.gif; path = weatherApp.gif; sourceTree = "<group>"; };
/* End PBXFileReference section */

/* Begin PBXFrameworksBuildPhase section */
		CECE33B02E9244F600DAEF65 /* Frameworks */ = {
			isa = PBXFrameworksBuildPhase;
			buildActionMask = 2147483647;
			files = (
			);
			runOnlyForDeploymentPostprocessing = 0;
		};
/* End PBXFrameworksBuildPhase section */

/* Begin PBXGroup section */
		CECE33AA2E9244F500DAEF65 = {
			isa = PBXGroup;
			children = (
				CECE33B52E9244F600DAEF65 /* WeatherApp_SwiftUI */,
				CECE33B42E9244F600DAEF65 /* Products */,
			);
			sourceTree = "<group>";
		};
		CECE33B42E9244F600DAEF65 /* Products */ = {
			isa = PBXGroup;
			children = (
				CECE33B32E9244F600DAEF65 /* WeatherApp_SwiftUI.app */,
			);
			name = Products;
			sourceTree = "<group>";
		};
		CECE33B52E9244F600DAEF65 /* WeatherApp_SwiftUI */ = {
			isa = PBXGroup;
			children = (
				CECE33D62E92B3A000DAEF65 /* weatherApp.gif */,
				CECE33C52E925F5100DAEF65 /* HelperViews */,
				CECE33B62E9244F600DAEF65 /* WeatherApp_SwiftUIApp.swift */,
				CECE33C42E925F2800DAEF65 /* Views */,
				CECE33BA2E9244F800DAEF65 /* Assets.xcassets */,
				CECE33BC2E9244F800DAEF65 /* Preview Content */,
			);
			path = WeatherApp_SwiftUI;
			sourceTree = "<group>";
		};
		CECE33BC2E9244F800DAEF65 /* Preview Content */ = {
			isa = PBXGroup;
			children = (
				CECE33BD2E9244F800DAEF65 /* Preview Assets.xcassets */,
			);
			path = "Preview Content";
			sourceTree = "<group>";
		};
		CECE33C42E925F2800DAEF65 /* Views */ = {
			isa = PBXGroup;
			children = (
				CECE33B82E9244F600DAEF65 /* ContentView.swift */,
			);
			path = Views;
			sourceTree = "<group>";
		};
		CECE33C52E925F5100DAEF65 /* HelperViews */ = {
			isa = PBXGroup;
			children = (
				CECE33C62E925F7100DAEF65 /* WeatherDay.swift */,
				CECE33C82E926B8500DAEF65 /* BackgraundView.swift */,
				CECE33CA2E926CCA00DAEF65 /* CityView.swift */,
				CECE33CC2E926EAB00DAEF65 /* WeatherStatus.swift */,
				CECE33CE2E92703E00DAEF65 /* WeatherButton.swift */,
				CECE33D02E927CD400DAEF65 /* WeatherDayView.swift */,
			);
			path = HelperViews;
			sourceTree = "<group>";
		};
/* End PBXGroup section */

/* Begin PBXNativeTarget section */
		CECE33B22E9244F600DAEF65 /* WeatherApp_SwiftUI */ = {
			isa = PBXNativeTarget;
			buildConfigurationList = CECE33C12E9244F800DAEF65 /* Build configuration list for PBXNativeTarget "WeatherApp_SwiftUI" */;
			buildPhases = (
				CECE33AF2E9244F600DAEF65 /* Sources */,
				CECE33B02E9244F600DAEF65 /* Frameworks */,
				CECE33B12E9244F600DAEF65 /* Resources */,
			);
			buildRules = (
			);
			dependencies = (
			);
			name = WeatherApp_SwiftUI;
			productName = WeatherApp_SwiftUI;
			productReference = CECE33B32E9244F600DAEF65 /* WeatherApp_SwiftUI.app */;
			productType = "com.apple.product-type.application";
		};
/* End PBXNativeTarget section */

/* Begin PBXProject section */
		CECE33AB2E9244F500DAEF65 /* Project object */ = {
			isa = PBXProject;
			attributes = {
				BuildIndependentTargetsInParallel = 1;
				LastSwiftUpdateCheck = 1520;
				LastUpgradeCheck = 1520;
				TargetAttributes = {
					CECE33B22E9244F600DAEF65 = {
						CreatedOnToolsVersion = 15.2;
					};
				};
			};
			buildConfigurationList = CECE33AE2E9244F500DAEF65 /* Build configuration list for PBXProject "WeatherApp_SwiftUI" */;
			compatibilityVersion = "Xcode 14.0";
			developmentRegion = en;
			hasScannedForEncodings = 0;
			knownRegions = (
				en,
				Base,
			);
			mainGroup = CECE33AA2E9244F500DAEF65;
			productRefGroup = CECE33B42E9244F600DAEF65 /* Products */;
			projectDirPath = "";
			projectRoot = "";
			targets = (
				CECE33B22E9244F600DAEF65 /* WeatherApp_SwiftUI */,
			);
		};
/* End PBXProject section */

/* Begin PBXResourcesBuildPhase section */
		CECE33B12E9244F600DAEF65 /* Resources */ = {
			isa = PBXResourcesBuildPhase;
			buildActionMask = 2147483647;
			files = (
				CECE33BE2E9244F800DAEF65 /* Preview Assets.xcassets in Resources */,
				CECE33D72E92B3A000DAEF65 /* weatherApp.gif in Resources */,
				CECE33BB2E9244F800DAEF65 /* Assets.xcassets in Resources */,
			);
			runOnlyForDeploymentPostprocessing = 0;
		};
/* End PBXResourcesBuildPhase section */

/* Begin PBXSourcesBuildPhase section */
		CECE33AF2E9244F600DAEF65 /* Sources */ = {
			isa = PBXSourcesBuildPhase;
			buildActionMask = 2147483647;
			files = (
				CECE33D12E927CD400DAEF65 /* WeatherDayView.swift in Sources */,
				CECE33C92E926B8500DAEF65 /* BackgraundView.swift in Sources */,
				CECE33CF2E92703E00DAEF65 /* WeatherButton.swift in Sources */,
				CECE33CB2E926CCA00DAEF65 /* CityView.swift in Sources */,
				CECE33B92E9244F600DAEF65 /* ContentView.swift in Sources */,
				CECE33B72E9244F600DAEF65 /* WeatherApp_SwiftUIApp.swift in Sources */,
				CECE33CD2E926EAB00DAEF65 /* WeatherStatus.swift in Sources */,
				CECE33C72E925F7100DAEF65 /* WeatherDay.swift in Sources */,
			);
			runOnlyForDeploymentPostprocessing = 0;
		};
/* End PBXSourcesBuildPhase section */

/* Begin XCBuildConfiguration section */
		CECE33BF2E9244F800DAEF65 /* Debug */ = {
			isa = XCBuildConfiguration;
			buildSettings = {
				ALWAYS_SEARCH_USER_PATHS = NO;
				ASSETCATALOG_COMPILER_GENERATE_SWIFT_ASSET_SYMBOL_EXTENSIONS = YES;
				CLANG_ANALYZER_NONNULL = YES;
				CLANG_ANALYZER_NUMBER_OBJECT_CONVERSION = YES_AGGRESSIVE;
				CLANG_CXX_LANGUAGE_STANDARD = "gnu++20";
				CLANG_ENABLE_MODULES = YES;
				CLANG_ENABLE_OBJC_ARC = YES;
				CLANG_ENABLE_OBJC_WEAK = YES;
				CLANG_WARN_BLOCK_CAPTURE_AUTORELEASING = YES;
				CLANG_WARN_BOOL_CONVERSION = YES;
				CLANG_WARN_COMMA = YES;
				CLANG_WARN_CONSTANT_CONVERSION = YES;
				CLANG_WARN_DEPRECATED_OBJC_IMPLEMENTATIONS = YES;
				CLANG_WARN_DIRECT_OBJC_ISA_USAGE = YES_ERROR;
				CLANG_WARN_DOCUMENTATION_COMMENTS = YES;
				CLANG_WARN_EMPTY_BODY = YES;
				CLANG_WARN_ENUM_CONVERSION = YES;
				CLANG_WARN_INFINITE_RECURSION = YES;
				CLANG_WARN_INT_CONVERSION = YES;
				CLANG_WARN_NON_LITERAL_NULL_CONVERSION = YES;
				CLANG_WARN_OBJC_IMPLICIT_RETAIN_SELF = YES;
				CLANG_WARN_OBJC_LITERAL_CONVERSION = YES;
				CLANG_WARN_OBJC_ROOT_CLASS = YES_ERROR;
				CLANG_WARN_QUOTED_INCLUDE_IN_FRAMEWORK_HEADER = YES;
				CLANG_WARN_RANGE_LOOP_ANALYSIS = YES;
				CLANG_WARN_STRICT_PROTOTYPES = YES;
				CLANG_WARN_SUSPICIOUS_MOVE = YES;
				CLANG_WARN_UNGUARDED_AVAILABILITY = YES_AGGRESSIVE;
				CLANG_WARN_UNREACHABLE_CODE = YES;
				CLANG_WARN__DUPLICATE_METHOD_MATCH = YES;
				COPY_PHASE_STRIP = NO;
				DEBUG_INFORMATION_FORMAT = dwarf;
				ENABLE_STRICT_OBJC_MSGSEND = YES;
				ENABLE_TESTABILITY = YES;
				ENABLE_USER_SCRIPT_SANDBOXING = YES;
				GCC_C_LANGUAGE_STANDARD = gnu17;
				GCC_DYNAMIC_NO_PIC = NO;
				GCC_NO_COMMON_BLOCKS = YES;
				GCC_OPTIMIZATION_LEVEL = 0;
				GCC_PREPROCESSOR_DEFINITIONS = (
					"DEBUG=1",
					"$(inherited)",
				);
				GCC_WARN_64_TO_32_BIT_CONVERSION = YES;
				GCC_WARN_ABOUT_RETURN_TYPE = YES_ERROR;
				GCC_WARN_UNDECLARED_SELECTOR = YES;
				GCC_WARN_UNINITIALIZED_AUTOS = YES_AGGRESSIVE;
				GCC_WARN_UNUSED_FUNCTION = YES;
				GCC_WARN_UNUSED_VARIABLE = YES;
				IPHONEOS_DEPLOYMENT_TARGET = 17.2;
				LOCALIZATION_PREFERS_STRING_CATALOGS = YES;
				MTL_ENABLE_DEBUG_INFO = INCLUDE_SOURCE;
				MTL_FAST_MATH = YES;
				ONLY_ACTIVE_ARCH = YES;
				SDKROOT = iphoneos;
				SWIFT_ACTIVE_COMPILATION_CONDITIONS = "DEBUG $(inherited)";
				SWIFT_OPTIMIZATION_LEVEL = "-Onone";
			};
			name = Debug;
		};
		CECE33C02E9244F800DAEF65 /* Release */ = {
			isa = XCBuildConfiguration;
			buildSettings = {
				ALWAYS_SEARCH_USER_PATHS = NO;
				ASSETCATALOG_COMPILER_GENERATE_SWIFT_ASSET_SYMBOL_EXTENSIONS = YES;
				CLANG_ANALYZER_NONNULL = YES;
				CLANG_ANALYZER_NUMBER_OBJECT_CONVERSION = YES_AGGRESSIVE;
				CLANG_CXX_LANGUAGE_STANDARD = "gnu++20";
				CLANG_ENABLE_MODULES = YES;
				CLANG_ENABLE_OBJC_ARC = YES;
				CLANG_ENABLE_OBJC_WEAK = YES;
				CLANG_WARN_BLOCK_CAPTURE_AUTORELEASING = YES;
				CLANG_WARN_BOOL_CONVERSION = YES;
				CLANG_WARN_COMMA = YES;
				CLANG_WARN_CONSTANT_CONVERSION = YES;
				CLANG_WARN_DEPRECATED_OBJC_IMPLEMENTATIONS = YES;
				CLANG_WARN_DIRECT_OBJC_ISA_USAGE = YES_ERROR;
				CLANG_WARN_DOCUMENTATION_COMMENTS = YES;
				CLANG_WARN_EMPTY_BODY = YES;
				CLANG_WARN_ENUM_CONVERSION = YES;
				CLANG_WARN_INFINITE_RECURSION = YES;
				CLANG_WARN_INT_CONVERSION = YES;
				CLANG_WARN_NON_LITERAL_NULL_CONVERSION = YES;
				CLANG_WARN_OBJC_IMPLICIT_RETAIN_SELF = YES;
				CLANG_WARN_OBJC_LITERAL_CONVERSION = YES;
				CLANG_WARN_OBJC_ROOT_CLASS = YES_ERROR;
				CLANG_WARN_QUOTED_INCLUDE_IN_FRAMEWORK_HEADER = YES;
				CLANG_WARN_RANGE_LOOP_ANALYSIS = YES;
				CLANG_WARN_STRICT_PROTOTYPES = YES;
				CLANG_WARN_SUSPICIOUS_MOVE = YES;
				CLANG_WARN_UNGUARDED_AVAILABILITY = YES_AGGRESSIVE;
				CLANG_WARN_UNREACHABLE_CODE = YES;
				CLANG_WARN__DUPLICATE_METHOD_MATCH = YES;
				COPY_PHASE_STRIP = NO;
				DEBUG_INFORMATION_FORMAT = "dwarf-with-dsym";
				ENABLE_NS_ASSERTIONS = NO;
				ENABLE_STRICT_OBJC_MSGSEND = YES;
				ENABLE_USER_SCRIPT_SANDBOXING = YES;
				GCC_C_LANGUAGE_STANDARD = gnu17;
				GCC_NO_COMMON_BLOCKS = YES;
				GCC_WARN_64_TO_32_BIT_CONVERSION = YES;
				GCC_WARN_ABOUT_RETURN_TYPE = YES_ERROR;
				GCC_WARN_UNDECLARED_SELECTOR = YES;
				GCC_WARN_UNINITIALIZED_AUTOS = YES_AGGRESSIVE;
				GCC_WARN_UNUSED_FUNCTION = YES;
				GCC_WARN_UNUSED_VARIABLE = YES;
				IPHONEOS_DEPLOYMENT_TARGET = 17.2;
				LOCALIZATION_PREFERS_STRING_CATALOGS = YES;
				MTL_ENABLE_DEBUG_INFO = NO;
				MTL_FAST_MATH = YES;
				SDKROOT = iphoneos;
				SWIFT_COMPILATION_MODE = wholemodule;
				VALIDATE_PRODUCT = YES;
			};
			name = Release;
		};
		CECE33C22E9244F800DAEF65 /* Debug */ = {
			isa = XCBuildConfiguration;
			buildSettings = {
				ASSETCATALOG_COMPILER_APPICON_NAME = AppIcon;
				ASSETCATALOG_COMPILER_GLOBAL_ACCENT_COLOR_NAME = AccentColor;
				CODE_SIGN_STYLE = Automatic;
				CURRENT_PROJECT_VERSION = 1;
				DEVELOPMENT_ASSET_PATHS = "\"WeatherApp_SwiftUI/Preview Content\"";
				ENABLE_PREVIEWS = YES;
				GENERATE_INFOPLIST_FILE = YES;
				INFOPLIST_KEY_UIApplicationSceneManifest_Generation = YES;
				INFOPLIST_KEY_UIApplicationSupportsIndirectInputEvents = YES;
				INFOPLIST_KEY_UILaunchScreen_Generation = YES;
				INFOPLIST_KEY_UISupportedInterfaceOrientations_iPad = "UIInterfaceOrientationPortrait UIInterfaceOrientationPortraitUpsideDown UIInterfaceOrientationLandscapeLeft UIInterfaceOrientationLandscapeRight";
				INFOPLIST_KEY_UISupportedInterfaceOrientations_iPhone = "UIInterfaceOrientationPortrait UIInterfaceOrientationLandscapeLeft UIInterfaceOrientationLandscapeRight";
				LD_RUNPATH_SEARCH_PATHS = (
					"$(inherited)",
					"@executable_path/Frameworks",
				);
				MARKETING_VERSION = 1.0;
				PRODUCT_BUNDLE_IDENTIFIER = "com.gunelbalayeva.WeatherApp-SwiftUI";
				PRODUCT_NAME = "$(TARGET_NAME)";
				SWIFT_EMIT_LOC_STRINGS = YES;
				SWIFT_VERSION = 5.0;
				TARGETED_DEVICE_FAMILY = "1,2";
			};
			name = Debug;
		};
		CECE33C32E9244F800DAEF65 /* Release */ = {
			isa = XCBuildConfiguration;
			buildSettings = {
				ASSETCATALOG_COMPILER_APPICON_NAME = AppIcon;
				ASSETCATALOG_COMPILER_GLOBAL_ACCENT_COLOR_NAME = AccentColor;
				CODE_SIGN_STYLE = Automatic;
				CURRENT_PROJECT_VERSION = 1;
				DEVELOPMENT_ASSET_PATHS = "\"WeatherApp_SwiftUI/Preview Content\"";
				ENABLE_PREVIEWS = YES;
				GENERATE_INFOPLIST_FILE = YES;
				INFOPLIST_KEY_UIApplicationSceneManifest_Generation = YES;
				INFOPLIST_KEY_UIApplicationSupportsIndirectInputEvents = YES;
				INFOPLIST_KEY_UILaunchScreen_Generation = YES;
				INFOPLIST_KEY_UISupportedInterfaceOrientations_iPad = "UIInterfaceOrientationPortrait UIInterfaceOrientationPortraitUpsideDown UIInterfaceOrientationLandscapeLeft UIInterfaceOrientationLandscapeRight";
				INFOPLIST_KEY_UISupportedInterfaceOrientations_iPhone = "UIInterfaceOrientationPortrait UIInterfaceOrientationLandscapeLeft UIInterfaceOrientationLandscapeRight";
				LD_RUNPATH_SEARCH_PATHS = (
					"$(inherited)",
					"@executable_path/Frameworks",
				);
				MARKETING_VERSION = 1.0;
				PRODUCT_BUNDLE_IDENTIFIER = "com.gunelbalayeva.WeatherApp-SwiftUI";
				PRODUCT_NAME = "$(TARGET_NAME)";
				SWIFT_EMIT_LOC_STRINGS = YES;
				SWIFT_VERSION = 5.0;
				TARGETED_DEVICE_FAMILY = "1,2";
			};
			name = Release;
		};
/* End XCBuildConfiguration section */

/* Begin XCConfigurationList section */
		CECE33AE2E9244F500DAEF65 /* Build configuration list for PBXProject "WeatherApp_SwiftUI" */ = {
			isa = XCConfigurationList;
			buildConfigurations = (
				CECE33BF2E9244F800DAEF65 /* Debug */,
				CECE33C02E9244F800DAEF65 /* Release */,
			);
			defaultConfigurationIsVisible = 0;
			defaultConfigurationName = Release;
		};
		CECE33C12E9244F800DAEF65 /* Build configuration list for PBXNativeTarget "WeatherApp_SwiftUI" */ = {
			isa = XCConfigurationList;
			buildConfigurations = (
				CECE33C22E9244F800DAEF65 /* Debug */,
				CECE33C32E9244F800DAEF65 /* Release */,
			);
			defaultConfigurationIsVisible = 0;
			defaultConfigurationName = Release;
		};
/* End XCConfigurationList section */
	};
	rootObject = CECE33AB2E9244F500DAEF65 /* Project object */;
}
